
Microsoft Visual Studio Solution File, Format Version 12.00
# Visual Studio Version 18
VisualStudioVersion = 18.3.11206.111
MinimumVisualStudioVersion = 10.0.40219.1
Project("{9A19103F-16F7-4668-BE54-9A1E7A4F7556}") = "DR.Networking", "DR.Networking\DR.Networking.csproj", "{2F222FC9-F8AE-4B5B-B652-759753BCF9BE}"
EndProject
Project("{9A19103F-16F7-4668-BE54-9A1E7A4F7556}") = "Api", "Api\Api.csproj", "{0C71636B-CE42-40B9-91E6-E486B1762A6C}"
EndProject
Project("{9A19103F-16F7-4668-BE54-9A1E7A4F7556}") = "ConsoleApp", "ConsoleApp\ConsoleApp.csproj", "{CBFA83B4-6B72-4919-BEB6-0E6F4CDC5EBC}"
EndProject
Project("{9A19103F-16F7-4668-BE54-9A1E7A4F7556}") = "Tests", "Tests\Tests.csproj", "{10D4A3E8-6380-4DEF-8203-1BF3843489CB}"
EndProject
Project("{FAE04EC0-301F-11D3-BF4B-00C04F79EFBC}") = "Backend", "Backend\Backend.csproj", "{C6D2B284-B67A-4872-AF99-F92D2E14D0F2}"
EndProject
Project("{FAE04EC0-301F-11D3-BF4B-00C04F79EFBC}") = "Generate", "Generate\Generate.csproj", "{2F0DBBEA-71A7-4A90-A1CD-1107099F1E56}"
EndProject
Project("{FAE04EC0-301F-11D3-BF4B-00C04F79EFBC}") = "Intermediate", "Intermediate\Intermediate.csproj", "{C890979A-1DC4-4014-A477-A8FFE63085D3}"
EndProject
Project("{FAE04EC0-301F-11D3-BF4B-00C04F79EFBC}") = "Benchmarks", "Benchmarks\Benchmarks.csproj", "{45B4DE1E-8791-44DF-9045-DA9826F3CD0B}"
EndProject
Global
	GlobalSection(SolutionConfigurationPlatforms) = preSolution
		Debug|Any CPU = Debug|Any CPU
		Release|Any CPU = Release|Any CPU
	EndGlobalSection
	GlobalSection(ProjectConfigurationPlatforms) = postSolution
		{2F222FC9-F8AE-4B5B-B652-759753BCF9BE}.Debug|Any CPU.ActiveCfg = Debug|Any CPU
		{2F222FC9-F8AE-4B5B-B652-759753BCF9BE}.Debug|Any CPU.Build.0 = Debug|Any CPU
		{2F222FC9-F8AE-4B5B-B652-759753BCF9BE}.Release|Any CPU.ActiveCfg = Release|Any CPU
		{2F222FC9-F8AE-4B5B-B652-759753BCF9BE}.Release|Any CPU.Build.0 = Release|Any CPU
		{0C71636B-CE42-40B9-91E6-E486B1762A6C}.Debug|Any CPU.ActiveCfg = Debug|Any CPU
		{0C71636B-CE42-40B9-91E6-E486B1762A6C}.Debug|Any CPU.Build.0 = Debug|Any CPU
		{0C71636B-CE42-40B9-91E6-E486B1762A6C}.Release|Any CPU.ActiveCfg = Release|Any CPU
		{0C71636B-CE42-40B9-91E6-E486B1762A6C}.Release|Any CPU.Build.0 = Release|Any CPU
		{CBFA83B4-6B72-4919-BEB6-0E6F4CDC5EBC}.Debug|Any CPU.ActiveCfg = Debug|Any CPU
		{CBFA83B4-6B72-4919-BEB6-0E6F4CDC5EBC}.Debug|Any CPU.Build.0 = Debug|Any CPU
		{CBFA83B4-6B72-4919-BEB6-0E6F4CDC5EBC}.Release|Any CPU.ActiveCfg = Release|Any CPU
		{CBFA83B4-6B72-4919-BEB6-0E6F4CDC5EBC}.Release|Any CPU.Build.0 = Release|Any CPU
		{10D4A3E8-6380-4DEF-8203-1BF3843489CB}.Debug|Any CPU.ActiveCfg = Debug|Any CPU
		{10D4A3E8-6380-4DEF-8203-1BF3843489CB}.Debug|Any CPU.Build.0 = Debug|Any CPU
		{10D4A3E8-6380-4DEF-8203-1BF3843489CB}.Release|Any CPU.ActiveCfg = Release|Any CPU
		{10D4A3E8-6380-4DEF-8203-1BF3843489CB}.Release|Any CPU.Build.0 = Release|Any CPU
		{C6D2B284-B67A-4872-AF99-F92D2E14D0F2}.Debug|Any CPU.ActiveCfg = Debug|Any CPU
		{C6D2B284-B67A-4872-AF99-F92D2E14D0F2}.Debug|Any CPU.Build.0 = Debug|Any CPU
		{C6D2B284-B67A-4872-AF99-F92D2E14D0F2}.Release|Any CPU.ActiveCfg = Release|Any CPU
		{C6D2B284-B67A-4872-AF99-F92D2E14D0F2}.Release|Any CPU.Build.0 = Release|Any CPU
		{2F0DBBEA-71A7-4A90-A1CD-1107099F1E56}.Debug|Any CPU.ActiveCfg = Debug|Any CPU
		{2F0DBBEA-71A7-4A90-A1CD-1107099F1E56}.Debug|Any CPU.Build.0 = Debug|Any CPU
		{2F0DBBEA-71A7-4A90-A1CD-1107099F1E56}.Release|Any CPU.ActiveCfg = Release|Any CPU
		{2F0DBBEA-71A7-4A90-A1CD-1107099F1E56}.Release|Any CPU.Build.0 = Release|Any CPU
		{C890979A-1DC4-4014-A477-A8FFE63085D3}.Debug|Any CPU.ActiveCfg = Debug|Any CPU
		{C890979A-1DC4-4014-A477-A8FFE63085D3}.Debug|Any CPU.Build.0 = Debug|Any CPU
		{C890979A-1DC4-4014-A477-A8FFE63085D3}.Release|Any CPU.ActiveCfg = Release|Any CPU
		{C890979A-1DC4-4014-A477-A8FFE63085D3}.Release|Any CPU.Build.0 = Release|Any CPU
		{45B4DE1E-8791-44DF-9045-DA9826F3CD0B}.Debug|Any CPU.ActiveCfg = Debug|Any CPU
		{45B4DE1E-8791-44DF-9045-DA9826F3CD0B}.Debug|Any CPU.Build.0 = Debug|Any CPU
		{45B4DE1E-8791-44DF-9045-DA9826F3CD0B}.Release|Any CPU.ActiveCfg = Release|Any CPU
		{45B4DE1E-8791-44DF-9045-DA9826F3CD0B}.Release|Any CPU.Build.0 = Release|Any CPU
	EndGlobalSection
	GlobalSection(SolutionProperties) = preSolution
		HideSolutionNode = FALSE
	EndGlobalSection
	GlobalSection(ExtensibilityGlobals) = postSolution
		SolutionGuid = {5154CC0D-AE99-4EDE-AD92-5B210A5A7167}
	EndGlobalSection
EndGlobal
